
Microsoft Visual Studio Solution File, Format Version 12.00
# Visual Studio Version 17
VisualStudioVersion = 17.2.32526.322
MinimumVisualStudioVersion = 10.0.40219.1
Project("{FAE04EC0-301F-11D3-BF4B-00C04F79EFBC}") = "ShoppingCart", "ShoppingCart\ShoppingCart.csproj", "{4C4C3BAF-4132-4B5C-9D35-99479655999A}"
EndProject
Global
	GlobalSection(SolutionConfigurationPlatforms) = preSolution
		Debug|Any CPU = Debug|Any CPU
		Release|Any CPU = Release|Any CPU
	EndGlobalSection
	GlobalSection(ProjectConfigurationPlatforms) = postSolution
		{4C4C3BAF-4132-4B5C-9D35-99479655999A}.Debug|Any CPU.ActiveCfg = Debug|Any CPU
		{4C4C3BAF-4132-4B5C-9D35-99479655999A}.Debug|Any CPU.Build.0 = Debug|Any CPU
		{4C4C3BAF-4132-4B5C-9D35-99479655999A}.Release|Any CPU.ActiveCfg = Release|Any CPU
		{4C4C3BAF-4132-4B5C-9D35-99479655999A}.Release|Any CPU.Build.0 = Release|Any CPU
	EndGlobalSection
	GlobalSection(SolutionProperties) = preSolution
		HideSolutionNode = FALSE
	EndGlobalSection
	GlobalSection(ExtensibilityGlobals) = postSolution
		SolutionGuid = {441B1FB5-7A03-4C26-BCE4-23399EB69D96}
	EndGlobalSection
EndGlobal
